
Microsoft Visual Studio Solution File, Format Version 12.00
# Visual Studio Version 16
VisualStudioVersion = 16.0.30104.148
MinimumVisualStudioVersion = 10.0.40219.1
Project("{9A19103F-16F7-4668-BE54-9A1E7A4F7556}") = "CodeCounter", "CodeCounter\CodeCounter.csproj", "{14B8B832-092F-480D-BABF-7741996F3B3B}"
EndProject
Project("{9A19103F-16F7-4668-BE54-9A1E7A4F7556}") = "CodeCounter.Tests", "CodeCounter.Tests\CodeCounter.Tests.csproj", "{9E9F73AC-D796-4037-AF76-DAB6C9318FB7}"
EndProject
Project("{2150E333-8FDC-42A3-9474-1A3956D46DE8}") = "Solution Items", "Solution Items", "{5AA4ED18-38AC-403B-B91B-3FACA959746A}"
	ProjectSection(SolutionItems) = preProject
		LICENSE.txt = LICENSE.txt
		ReadMe.md = ReadMe.md
	EndProjectSection
EndProject
Global
	GlobalSection(SolutionConfigurationPlatforms) = preSolution
		Debug|Any CPU = Debug|Any CPU
		Release|Any CPU = Release|Any CPU
	EndGlobalSection
	GlobalSection(ProjectConfigurationPlatforms) = postSolution
		{14B8B832-092F-480D-BABF-7741996F3B3B}.Debug|Any CPU.ActiveCfg = Debug|Any CPU
		{14B8B832-092F-480D-BABF-7741996F3B3B}.Debug|Any CPU.Build.0 = Debug|Any CPU
		{14B8B832-092F-480D-BABF-7741996F3B3B}.Release|Any CPU.ActiveCfg = Release|Any CPU
		{14B8B832-092F-480D-BABF-7741996F3B3B}.Release|Any CPU.Build.0 = Release|Any CPU
		{9E9F73AC-D796-4037-AF76-DAB6C9318FB7}.Debug|Any CPU.ActiveCfg = Debug|Any CPU
		{9E9F73AC-D796-4037-AF76-DAB6C9318FB7}.Debug|Any CPU.Build.0 = Debug|Any CPU
		{9E9F73AC-D796-4037-AF76-DAB6C9318FB7}.Release|Any CPU.ActiveCfg = Release|Any CPU
		{9E9F73AC-D796-4037-AF76-DAB6C9318FB7}.Release|Any CPU.Build.0 = Release|Any CPU
	EndGlobalSection
	GlobalSection(SolutionProperties) = preSolution
		HideSolutionNode = FALSE
	EndGlobalSection
	GlobalSection(ExtensibilityGlobals) = postSolution
		SolutionGuid = {7F36CD0F-9009-4B2E-ABE5-908147674DFF}
	EndGlobalSection
EndGlobal
